
Microsoft Visual Studio Solution File, Format Version 12.00
# Visual Studio Version 17
VisualStudioVersion = 17.3.32901.215
MinimumVisualStudioVersion = 10.0.40219.1
Project("{9A19103F-16F7-4668-BE54-9A1E7A4F7556}") = "MeetupAPI", "MeetupAPI\MeetupAPI.csproj", "{505D9F41-70B8-4E24-9A06-1C2906AEA6AA}"
EndProject
Project("{9A19103F-16F7-4668-BE54-9A1E7A4F7556}") = "Meetup.Domain", "Meetup.Domain\Meetup.Domain.csproj", "{495DE4DE-D3AA-465B-B146-0ED328D2683B}"
EndProject
Project("{9A19103F-16F7-4668-BE54-9A1E7A4F7556}") = "Meetup.DataAccessLayer", "Meetup.DataAccessLayer\Meetup.DataAccessLayer.csproj", "{BC6A2B6E-46BC-4750-97D1-E96036E749B7}"
EndProject
Project("{FAE04EC0-301F-11D3-BF4B-00C04F79EFBC}") = "Meetup.BusinessLayer", "Meetup.BusinessLayer\Meetup.BusinessLayer.csproj", "{C0E14429-C75B-453F-9D26-A98DF7506127}"
EndProject
Global
	GlobalSection(SolutionConfigurationPlatforms) = preSolution
		Debug|Any CPU = Debug|Any CPU
		Release|Any CPU = Release|Any CPU
	EndGlobalSection
	GlobalSection(ProjectConfigurationPlatforms) = postSolution
		{505D9F41-70B8-4E24-9A06-1C2906AEA6AA}.Debug|Any CPU.ActiveCfg = Debug|Any CPU
		{505D9F41-70B8-4E24-9A06-1C2906AEA6AA}.Debug|Any CPU.Build.0 = Debug|Any CPU
		{505D9F41-70B8-4E24-9A06-1C2906AEA6AA}.Release|Any CPU.ActiveCfg = Release|Any CPU
		{505D9F41-70B8-4E24-9A06-1C2906AEA6AA}.Release|Any CPU.Build.0 = Release|Any CPU
		{495DE4DE-D3AA-465B-B146-0ED328D2683B}.Debug|Any CPU.ActiveCfg = Debug|Any CPU
		{495DE4DE-D3AA-465B-B146-0ED328D2683B}.Debug|Any CPU.Build.0 = Debug|Any CPU
		{495DE4DE-D3AA-465B-B146-0ED328D2683B}.Release|Any CPU.ActiveCfg = Release|Any CPU
		{495DE4DE-D3AA-465B-B146-0ED328D2683B}.Release|Any CPU.Build.0 = Release|Any CPU
		{BC6A2B6E-46BC-4750-97D1-E96036E749B7}.Debug|Any CPU.ActiveCfg = Debug|Any CPU
		{BC6A2B6E-46BC-4750-97D1-E96036E749B7}.Debug|Any CPU.Build.0 = Debug|Any CPU
		{BC6A2B6E-46BC-4750-97D1-E96036E749B7}.Release|Any CPU.ActiveCfg = Release|Any CPU
		{BC6A2B6E-46BC-4750-97D1-E96036E749B7}.Release|Any CPU.Build.0 = Release|Any CPU
		{C0E14429-C75B-453F-9D26-A98DF7506127}.Debug|Any CPU.ActiveCfg = Debug|Any CPU
		{C0E14429-C75B-453F-9D26-A98DF7506127}.Debug|Any CPU.Build.0 = Debug|Any CPU
		{C0E14429-C75B-453F-9D26-A98DF7506127}.Release|Any CPU.ActiveCfg = Release|Any CPU
		{C0E14429-C75B-453F-9D26-A98DF7506127}.Release|Any CPU.Build.0 = Release|Any CPU
	EndGlobalSection
	GlobalSection(SolutionProperties) = preSolution
		HideSolutionNode = FALSE
	EndGlobalSection
	GlobalSection(ExtensibilityGlobals) = postSolution
		SolutionGuid = {00BB2076-BA17-4474-AF95-9AF79944AA75}
	EndGlobalSection
EndGlobal
