
Microsoft Visual Studio Solution File, Format Version 12.00
# Visual Studio Version 17
VisualStudioVersion = 17.3.32901.215
MinimumVisualStudioVersion = 10.0.40219.1
Project("{9A19103F-16F7-4668-BE54-9A1E7A4F7556}") = "MeetupAPI", "Meetup\MeetupAPI.csproj", "{D332DBAA-C947-45BB-8CA6-388744221410}"
EndProject
Project("{9A19103F-16F7-4668-BE54-9A1E7A4F7556}") = "Meetup.Entities", "Meetup.Entities\Meetup.Entities.csproj", "{37A43F3D-736C-4C1B-924F-5E026437D3A6}"
EndProject
Project("{9A19103F-16F7-4668-BE54-9A1E7A4F7556}") = "Meetup.Data", "Meetup.Data\Meetup.Data.csproj", "{8B812C01-72FF-407D-9D43-A543E892D48C}"
EndProject
Project("{9A19103F-16F7-4668-BE54-9A1E7A4F7556}") = "Meetup.BusinessLayer", "Meetup.BusinessLayer\Meetup.BusinessLayer.csproj", "{A1A54F98-A2C1-4F3D-82A7-927C4CBA0625}"
EndProject
Project("{9A19103F-16F7-4668-BE54-9A1E7A4F7556}") = "Meetup.Exceptions", "Meetup.Exceptions\Meetup.Exceptions.csproj", "{765394A2-7CB8-4978-84C5-3E6435FE7478}"
EndProject
Project("{FAE04EC0-301F-11D3-BF4B-00C04F79EFBC}") = "Meetup.Authentication", "Meetup.Authentication\Meetup.Authentication.csproj", "{0B9CBE1D-6559-4AEE-86ED-924177658FEE}"
EndProject
Global
	GlobalSection(SolutionConfigurationPlatforms) = preSolution
		Debug|Any CPU = Debug|Any CPU
		Release|Any CPU = Release|Any CPU
	EndGlobalSection
	GlobalSection(ProjectConfigurationPlatforms) = postSolution
		{D332DBAA-C947-45BB-8CA6-388744221410}.Debug|Any CPU.ActiveCfg = Debug|Any CPU
		{D332DBAA-C947-45BB-8CA6-388744221410}.Debug|Any CPU.Build.0 = Debug|Any CPU
		{D332DBAA-C947-45BB-8CA6-388744221410}.Release|Any CPU.ActiveCfg = Release|Any CPU
		{D332DBAA-C947-45BB-8CA6-388744221410}.Release|Any CPU.Build.0 = Release|Any CPU
		{37A43F3D-736C-4C1B-924F-5E026437D3A6}.Debug|Any CPU.ActiveCfg = Debug|Any CPU
		{37A43F3D-736C-4C1B-924F-5E026437D3A6}.Debug|Any CPU.Build.0 = Debug|Any CPU
		{37A43F3D-736C-4C1B-924F-5E026437D3A6}.Release|Any CPU.ActiveCfg = Release|Any CPU
		{37A43F3D-736C-4C1B-924F-5E026437D3A6}.Release|Any CPU.Build.0 = Release|Any CPU
		{8B812C01-72FF-407D-9D43-A543E892D48C}.Debug|Any CPU.ActiveCfg = Debug|Any CPU
		{8B812C01-72FF-407D-9D43-A543E892D48C}.Debug|Any CPU.Build.0 = Debug|Any CPU
		{8B812C01-72FF-407D-9D43-A543E892D48C}.Release|Any CPU.ActiveCfg = Release|Any CPU
		{8B812C01-72FF-407D-9D43-A543E892D48C}.Release|Any CPU.Build.0 = Release|Any CPU
		{A1A54F98-A2C1-4F3D-82A7-927C4CBA0625}.Debug|Any CPU.ActiveCfg = Debug|Any CPU
		{A1A54F98-A2C1-4F3D-82A7-927C4CBA0625}.Debug|Any CPU.Build.0 = Debug|Any CPU
		{A1A54F98-A2C1-4F3D-82A7-927C4CBA0625}.Release|Any CPU.ActiveCfg = Release|Any CPU
		{A1A54F98-A2C1-4F3D-82A7-927C4CBA0625}.Release|Any CPU.Build.0 = Release|Any CPU
		{765394A2-7CB8-4978-84C5-3E6435FE7478}.Debug|Any CPU.ActiveCfg = Debug|Any CPU
		{765394A2-7CB8-4978-84C5-3E6435FE7478}.Debug|Any CPU.Build.0 = Debug|Any CPU
		{765394A2-7CB8-4978-84C5-3E6435FE7478}.Release|Any CPU.ActiveCfg = Release|Any CPU
		{765394A2-7CB8-4978-84C5-3E6435FE7478}.Release|Any CPU.Build.0 = Release|Any CPU
		{0B9CBE1D-6559-4AEE-86ED-924177658FEE}.Debug|Any CPU.ActiveCfg = Debug|Any CPU
		{0B9CBE1D-6559-4AEE-86ED-924177658FEE}.Debug|Any CPU.Build.0 = Debug|Any CPU
		{0B9CBE1D-6559-4AEE-86ED-924177658FEE}.Release|Any CPU.ActiveCfg = Release|Any CPU
		{0B9CBE1D-6559-4AEE-86ED-924177658FEE}.Release|Any CPU.Build.0 = Release|Any CPU
	EndGlobalSection
	GlobalSection(SolutionProperties) = preSolution
		HideSolutionNode = FALSE
	EndGlobalSection
	GlobalSection(ExtensibilityGlobals) = postSolution
		SolutionGuid = {5D019783-C054-4677-9882-465401195BE6}
	EndGlobalSection
EndGlobal
